{
  "nodes": {
    "nixpkgs": {
      "locked": {
        "lastModified": 1682880351,
        "narHash": "sha256-OZBYgJQH/VcPWDjyrMra4wtxbyJTSe2/kjZ76+Ibhlc=",
        "owner": "NixOS",
        "repo": "nixpkgs",
        "rev": "b00a5321bb61a745357ee2f8107e91369cc392db",
        "type": "github"
      },
      "original": {
        "owner": "NixOS",
        "repo": "nixpkgs",
        "type": "github"
      }
    },
    "root": {
      "inputs": {
        "nixpkgs": "nixpkgs"
      }
    }
  },
  "root": "root",
  "version": 7
}
