{
  "name": "snowflake",
  "lockfileVersion": 2,
  "requires": true,
  "packages": {
    "": {
      "dependencies": {
        "@flatten-js/interval-tree": "^1.0.20"
      },
      "devDependencies": {
        "typescript": "^4.5.5"
      }
    },
    "node_modules/@flatten-js/interval-tree": {
      "version": "1.0.20",
      "resolved": "https://registry.npmjs.org/@flatten-js/interval-tree/-/interval-tree-1.0.20.tgz",
      "integrity": "sha512-ZmJAa7pDel/FiSN3gXYnrK51Od+maJ+54hJe2PZlWGFWLfQv1YP9DdjNofpg0+HS956oItjse2eWkIMdTZUhRw=="
    },
    "node_modules/typescript": {
      "version": "4.5.5",
      "resolved": "https://registry.npmjs.org/typescript/-/typescript-4.5.5.tgz",
      "integrity": "sha512-TCTIul70LyWe6IJWT8QSYeA54WQe8EjQFU4wY52Fasj5UKx88LNYKCgBEHcOMOrFF1rKGbD8v/xcNWVUq9SymA==",
      "dev": true,
      "bin": {
        "tsc": "bin/tsc",
        "tsserver": "bin/tsserver"
      },
      "engines": {
        "node": ">=4.2.0"
      }
    }
  },
  "dependencies": {
    "@flatten-js/interval-tree": {
      "version": "1.0.20",
      "resolved": "https://registry.npmjs.org/@flatten-js/interval-tree/-/interval-tree-1.0.20.tgz",
      "integrity": "sha512-ZmJAa7pDel/FiSN3gXYnrK51Od+maJ+54hJe2PZlWGFWLfQv1YP9DdjNofpg0+HS956oItjse2eWkIMdTZUhRw=="
    },
    "typescript": {
      "version": "4.5.5",
      "resolved": "https://registry.npmjs.org/typescript/-/typescript-4.5.5.tgz",
      "integrity": "sha512-TCTIul70LyWe6IJWT8QSYeA54WQe8EjQFU4wY52Fasj5UKx88LNYKCgBEHcOMOrFF1rKGbD8v/xcNWVUq9SymA==",
      "dev": true
    }
  }
}
